<Solution>
  <Folder Name="/Solution Items/">
    <File Path=".env" />
    <File Path="example.env" />
  </Folder>
  <Project Path="Diagnost.API/Diagnost.API.csproj" />
  <Project Path="Diagnost.Domain/Diagnost.Domain.csproj" />
  <Project Path="Diagnost.Infrastructure/Diagnost.Infrastructure.csproj" />
  <Project Path="docker-compose.dcproj">
    <Build />
  </Project>
</Solution>
